
Microsoft Visual Studio Solution File, Format Version 12.00
# Visual Studio Version 17
VisualStudioVersion = 17.5.33516.290
MinimumVisualStudioVersion = 10.0.40219.1
Project("{FAE04EC0-301F-11D3-BF4B-00C04F79EFBC}") = "ECommerce.WEB_API", "ECommerce.WEB_API\ECommerce.WEB_API.csproj", "{C19305F8-5C06-4228-B664-6D2295F52DCF}"
EndProject
Project("{FAE04EC0-301F-11D3-BF4B-00C04F79EFBC}") = "ECommerce.Dominio", "ECommerce.Dominio\ECommerce.Dominio.csproj", "{F977234D-1EF6-44AB-8CE6-A97CEF3B9463}"
EndProject
Project("{FAE04EC0-301F-11D3-BF4B-00C04F79EFBC}") = "ECommerce.Infraestructura", "ECommerce.Infraestructura\ECommerce.Infraestructura.csproj", "{87D5AD0C-48CD-4420-8244-7E3E9AD25762}"
EndProject
Project("{FAE04EC0-301F-11D3-BF4B-00C04F79EFBC}") = "ECommerce.Comunes", "ECommerce.Comunes\ECommerce.Comunes.csproj", "{C90A6D93-B480-468B-A864-098C1A276897}"
EndProject
Project("{FAE04EC0-301F-11D3-BF4B-00C04F79EFBC}") = "ECommerce.Configuracion", "ECommerce.Configuracion\ECommerce.Configuracion.csproj", "{4FFFF058-959F-4266-ADB7-4BBCFA5B1FDB}"
EndProject
Global
	GlobalSection(SolutionConfigurationPlatforms) = preSolution
		Debug|Any CPU = Debug|Any CPU
		Release|Any CPU = Release|Any CPU
	EndGlobalSection
	GlobalSection(ProjectConfigurationPlatforms) = postSolution
		{C19305F8-5C06-4228-B664-6D2295F52DCF}.Debug|Any CPU.ActiveCfg = Debug|Any CPU
		{C19305F8-5C06-4228-B664-6D2295F52DCF}.Debug|Any CPU.Build.0 = Debug|Any CPU
		{C19305F8-5C06-4228-B664-6D2295F52DCF}.Release|Any CPU.ActiveCfg = Release|Any CPU
		{C19305F8-5C06-4228-B664-6D2295F52DCF}.Release|Any CPU.Build.0 = Release|Any CPU
		{F977234D-1EF6-44AB-8CE6-A97CEF3B9463}.Debug|Any CPU.ActiveCfg = Debug|Any CPU
		{F977234D-1EF6-44AB-8CE6-A97CEF3B9463}.Debug|Any CPU.Build.0 = Debug|Any CPU
		{F977234D-1EF6-44AB-8CE6-A97CEF3B9463}.Release|Any CPU.ActiveCfg = Release|Any CPU
		{F977234D-1EF6-44AB-8CE6-A97CEF3B9463}.Release|Any CPU.Build.0 = Release|Any CPU
		{87D5AD0C-48CD-4420-8244-7E3E9AD25762}.Debug|Any CPU.ActiveCfg = Debug|Any CPU
		{87D5AD0C-48CD-4420-8244-7E3E9AD25762}.Debug|Any CPU.Build.0 = Debug|Any CPU
		{87D5AD0C-48CD-4420-8244-7E3E9AD25762}.Release|Any CPU.ActiveCfg = Release|Any CPU
		{87D5AD0C-48CD-4420-8244-7E3E9AD25762}.Release|Any CPU.Build.0 = Release|Any CPU
		{C90A6D93-B480-468B-A864-098C1A276897}.Debug|Any CPU.ActiveCfg = Debug|Any CPU
		{C90A6D93-B480-468B-A864-098C1A276897}.Debug|Any CPU.Build.0 = Debug|Any CPU
		{C90A6D93-B480-468B-A864-098C1A276897}.Release|Any CPU.ActiveCfg = Release|Any CPU
		{C90A6D93-B480-468B-A864-098C1A276897}.Release|Any CPU.Build.0 = Release|Any CPU
		{4FFFF058-959F-4266-ADB7-4BBCFA5B1FDB}.Debug|Any CPU.ActiveCfg = Debug|Any CPU
		{4FFFF058-959F-4266-ADB7-4BBCFA5B1FDB}.Debug|Any CPU.Build.0 = Debug|Any CPU
		{4FFFF058-959F-4266-ADB7-4BBCFA5B1FDB}.Release|Any CPU.ActiveCfg = Release|Any CPU
		{4FFFF058-959F-4266-ADB7-4BBCFA5B1FDB}.Release|Any CPU.Build.0 = Release|Any CPU
	EndGlobalSection
	GlobalSection(SolutionProperties) = preSolution
		HideSolutionNode = FALSE
	EndGlobalSection
	GlobalSection(ExtensibilityGlobals) = postSolution
		SolutionGuid = {035330BB-329D-41F2-AF14-B9D12EF81F36}
	EndGlobalSection
EndGlobal
